
Microsoft Visual Studio Solution File, Format Version 12.00
# Visual Studio Version 16
VisualStudioVersion = 25.0.1704.0
MinimumVisualStudioVersion = 10.0.40219.1
Project("{FAE04EC0-301F-11D3-BF4B-00C04F79EFBC}") = "FluidMath", "FluidMath\FluidMath.csproj", "{B0A7DDE0-71E6-4A3E-83B5-A159DD8E84C2}"
EndProject
Project("{FAE04EC0-301F-11D3-BF4B-00C04F79EFBC}") = "FluidMathTests", "FluidMathTests\FluidMathTests.csproj", "{036E7409-C76D-45C9-9C60-A10082B2F45F}"
EndProject
Global
	GlobalSection(SolutionConfigurationPlatforms) = preSolution
		Debug|Any CPU = Debug|Any CPU
		Release|Any CPU = Release|Any CPU
	EndGlobalSection
	GlobalSection(ProjectConfigurationPlatforms) = postSolution
		{B0A7DDE0-71E6-4A3E-83B5-A159DD8E84C2}.Debug|Any CPU.ActiveCfg = Debug|Any CPU
		{B0A7DDE0-71E6-4A3E-83B5-A159DD8E84C2}.Debug|Any CPU.Build.0 = Debug|Any CPU
		{B0A7DDE0-71E6-4A3E-83B5-A159DD8E84C2}.Release|Any CPU.ActiveCfg = Release|Any CPU
		{B0A7DDE0-71E6-4A3E-83B5-A159DD8E84C2}.Release|Any CPU.Build.0 = Release|Any CPU
		{036E7409-C76D-45C9-9C60-A10082B2F45F}.Debug|Any CPU.ActiveCfg = Debug|Any CPU
		{036E7409-C76D-45C9-9C60-A10082B2F45F}.Debug|Any CPU.Build.0 = Debug|Any CPU
		{036E7409-C76D-45C9-9C60-A10082B2F45F}.Release|Any CPU.ActiveCfg = Release|Any CPU
		{036E7409-C76D-45C9-9C60-A10082B2F45F}.Release|Any CPU.Build.0 = Release|Any CPU
	EndGlobalSection
	GlobalSection(SolutionProperties) = preSolution
		HideSolutionNode = FALSE
	EndGlobalSection
	GlobalSection(ExtensibilityGlobals) = postSolution
		SolutionGuid = {CD402F29-A518-43B8-8194-EE82C95935C2}
	EndGlobalSection
EndGlobal
